// !$*UTF8*$!
{
	archiveVersion = 1;
	classes = {
	};
	objectVersion = 46;
	objects = {

/* Begin PBXBuildFile section */
		A2D7DA9F187EA01A2E1DFD10 /* Pods_Chatting_Sharing.framework in Frameworks */ = {isa = PBXBuildFile; fileRef = 8BC52F2AB21B6478D61E8E37 /* Pods_Chatting_Sharing.framework */; };
		FE3FE46E1F31FAD9003E5991 /* Chatting_SharingTests.swift in Sources */ = {isa = PBXBuildFile; fileRef = FE3FE46D1F31FAD9003E5991 /* Chatting_SharingTests.swift */; };
		FE3FE4791F31FAD9003E5991 /* Chatting_SharingUITests.swift in Sources */ = {isa = PBXBuildFile; fileRef = FE3FE4781F31FAD9003E5991 /* Chatting_SharingUITests.swift */; };
		FE3FE4A71F31FC7B003E5991 /* AppDelegate.swift in Sources */ = {isa = PBXBuildFile; fileRef = FE3FE49B1F31FC7B003E5991 /* AppDelegate.swift */; };
		FE3FE4A81F31FC7B003E5991 /* Chatting_Sharing.xcdatamodeld in Sources */ = {isa = PBXBuildFile; fileRef = FE3FE4A01F31FC7B003E5991 /* Chatting_Sharing.xcdatamodeld */; };
		FE3FE4AC1F31FD54003E5991 /* NearbyUsersVC.swift in Sources */ = {isa = PBXBuildFile; fileRef = FE3FE4AB1F31FD54003E5991 /* NearbyUsersVC.swift */; };
		FE3FE4B11F3200FA003E5991 /* Hype.framework in Frameworks */ = {isa = PBXBuildFile; fileRef = FE3FE4AE1F3200DB003E5991 /* Hype.framework */; };
		FE3FE4B21F3200FA003E5991 /* Hype.framework in Embed Frameworks */ = {isa = PBXBuildFile; fileRef = FE3FE4AE1F3200DB003E5991 /* Hype.framework */; settings = {ATTRIBUTES = (CodeSignOnCopy, RemoveHeadersOnCopy, ); }; };
		FE3FE4B51F320118003E5991 /* UIKit.framework in Frameworks */ = {isa = PBXBuildFile; fileRef = FE3FE4B41F320118003E5991 /* UIKit.framework */; };
		FE3FE4B81F320494003E5991 /* ChatApplication.swift in Sources */ = {isa = PBXBuildFile; fileRef = FE3FE4B71F320494003E5991 /* ChatApplication.swift */; };
		FE3FE4BA1F3207F4003E5991 /* MessageItem.swift in Sources */ = {isa = PBXBuildFile; fileRef = FE3FE4B91F3207F4003E5991 /* MessageItem.swift */; };
		FE3FE4BC1F320B8B003E5991 /* UserObject.swift in Sources */ = {isa = PBXBuildFile; fileRef = FE3FE4BB1F320B8B003E5991 /* UserObject.swift */; };
		FE3FE4C31F32226A003E5991 /* NearbyUserCell.swift in Sources */ = {isa = PBXBuildFile; fileRef = FE3FE4C11F32226A003E5991 /* NearbyUserCell.swift */; };
		FE3FE4C71F323D52003E5991 /* WelcomeVC.swift in Sources */ = {isa = PBXBuildFile; fileRef = FE3FE4C61F323D52003E5991 /* WelcomeVC.swift */; };
		FECDD6311F34C1D5009B28E0 /* Define.swift in Sources */ = {isa = PBXBuildFile; fileRef = FECDD6301F34C1D5009B28E0 /* Define.swift */; };
		FECDD6351F34C921009B28E0 /* Common.swift in Sources */ = {isa = PBXBuildFile; fileRef = FECDD6341F34C921009B28E0 /* Common.swift */; };
		FECDD6381F34F30F009B28E0 /* Loader.swift in Sources */ = {isa = PBXBuildFile; fileRef = FECDD6371F34F30F009B28E0 /* Loader.swift */; };
		FEDB00D91F32F08E0095A853 /* EclipseViewAnimation.swift in Sources */ = {isa = PBXBuildFile; fileRef = FEDB00D81F32F08E0095A853 /* EclipseViewAnimation.swift */; };
/* End PBXBuildFile section */

/* Begin PBXContainerItemProxy section */
		FE3FE46A1F31FAD9003E5991 /* PBXContainerItemProxy */ = {
			isa = PBXContainerItemProxy;
			containerPortal = FE3FE44A1F31FAD9003E5991 /* Project object */;
			proxyType = 1;
			remoteGlobalIDString = FE3FE4511F31FAD9003E5991;
			remoteInfo = "Chatting-Sharing";
		};
		FE3FE4751F31FAD9003E5991 /* PBXContainerItemProxy */ = {
			isa = PBXContainerItemProxy;
			containerPortal = FE3FE44A1F31FAD9003E5991 /* Project object */;
			proxyType = 1;
			remoteGlobalIDString = FE3FE4511F31FAD9003E5991;
			remoteInfo = "Chatting-Sharing";
		};
/* End PBXContainerItemProxy section */

/* Begin PBXCopyFilesBuildPhase section */
		FE3FE4B31F3200FA003E5991 /* Embed Frameworks */ = {
			isa = PBXCopyFilesBuildPhase;
			buildActionMask = 2147483647;
			dstPath = "";
			dstSubfolderSpec = 10;
			files = (
				FE3FE4B21F3200FA003E5991 /* Hype.framework in Embed Frameworks */,
			);
			name = "Embed Frameworks";
			runOnlyForDeploymentPostprocessing = 0;
		};
/* End PBXCopyFilesBuildPhase section */

/* Begin PBXFileReference section */
		56DB6C30D3252B7ABE746D61 /* Pods-Chatting-Sharing.release.xcconfig */ = {isa = PBXFileReference; includeInIndex = 1; lastKnownFileType = text.xcconfig; name = "Pods-Chatting-Sharing.release.xcconfig"; path = "Pods/Target Support Files/Pods-Chatting-Sharing/Pods-Chatting-Sharing.release.xcconfig"; sourceTree = "<group>"; };
		8BC52F2AB21B6478D61E8E37 /* Pods_Chatting_Sharing.framework */ = {isa = PBXFileReference; explicitFileType = wrapper.framework; includeInIndex = 0; path = Pods_Chatting_Sharing.framework; sourceTree = BUILT_PRODUCTS_DIR; };
		D7996981C8832B6F76820AE2 /* Pods-Chatting-Sharing.debug.xcconfig */ = {isa = PBXFileReference; includeInIndex = 1; lastKnownFileType = text.xcconfig; name = "Pods-Chatting-Sharing.debug.xcconfig"; path = "Pods/Target Support Files/Pods-Chatting-Sharing/Pods-Chatting-Sharing.debug.xcconfig"; sourceTree = "<group>"; };
		FE3FE4521F31FAD9003E5991 /* Chatting-Sharing.app */ = {isa = PBXFileReference; explicitFileType = wrapper.application; includeInIndex = 0; path = "Chatting-Sharing.app"; sourceTree = BUILT_PRODUCTS_DIR; };
		FE3FE45F1F31FAD9003E5991 /* Assets.xcassets */ = {isa = PBXFileReference; lastKnownFileType = folder.assetcatalog; path = Assets.xcassets; sourceTree = "<group>"; };
		FE3FE4691F31FAD9003E5991 /* Chatting-SharingTests.xctest */ = {isa = PBXFileReference; explicitFileType = wrapper.cfbundle; includeInIndex = 0; path = "Chatting-SharingTests.xctest"; sourceTree = BUILT_PRODUCTS_DIR; };
		FE3FE46D1F31FAD9003E5991 /* Chatting_SharingTests.swift */ = {isa = PBXFileReference; lastKnownFileType = sourcecode.swift; path = Chatting_SharingTests.swift; sourceTree = "<group>"; };
		FE3FE46F1F31FAD9003E5991 /* Info.plist */ = {isa = PBXFileReference; lastKnownFileType = text.plist.xml; path = Info.plist; sourceTree = "<group>"; };
		FE3FE4741F31FAD9003E5991 /* Chatting-SharingUITests.xctest */ = {isa = PBXFileReference; explicitFileType = wrapper.cfbundle; includeInIndex = 0; path = "Chatting-SharingUITests.xctest"; sourceTree = BUILT_PRODUCTS_DIR; };
		FE3FE4781F31FAD9003E5991 /* Chatting_SharingUITests.swift */ = {isa = PBXFileReference; lastKnownFileType = sourcecode.swift; path = Chatting_SharingUITests.swift; sourceTree = "<group>"; };
		FE3FE47A1F31FAD9003E5991 /* Info.plist */ = {isa = PBXFileReference; lastKnownFileType = text.plist.xml; path = Info.plist; sourceTree = "<group>"; };
		FE3FE49B1F31FC7B003E5991 /* AppDelegate.swift */ = {isa = PBXFileReference; fileEncoding = 4; lastKnownFileType = sourcecode.swift; path = AppDelegate.swift; sourceTree = "<group>"; };
		FE3FE4A11F31FC7B003E5991 /* Chatting_Sharing.xcdatamodel */ = {isa = PBXFileReference; lastKnownFileType = wrapper.xcdatamodel; path = Chatting_Sharing.xcdatamodel; sourceTree = "<group>"; };
		FE3FE4AB1F31FD54003E5991 /* NearbyUsersVC.swift */ = {isa = PBXFileReference; fileEncoding = 4; lastKnownFileType = sourcecode.swift; path = NearbyUsersVC.swift; sourceTree = "<group>"; };
		FE3FE4AE1F3200DB003E5991 /* Hype.framework */ = {isa = PBXFileReference; lastKnownFileType = wrapper.framework; path = Hype.framework; sourceTree = "<group>"; };
		FE3FE4B41F320118003E5991 /* UIKit.framework */ = {isa = PBXFileReference; lastKnownFileType = wrapper.framework; name = UIKit.framework; path = System/Library/Frameworks/UIKit.framework; sourceTree = SDKROOT; };
		FE3FE4B71F320494003E5991 /* ChatApplication.swift */ = {isa = PBXFileReference; fileEncoding = 4; lastKnownFileType = sourcecode.swift; path = ChatApplication.swift; sourceTree = "<group>"; };
		FE3FE4B91F3207F4003E5991 /* MessageItem.swift */ = {isa = PBXFileReference; fileEncoding = 4; lastKnownFileType = sourcecode.swift; path = MessageItem.swift; sourceTree = "<group>"; };
		FE3FE4BB1F320B8B003E5991 /* UserObject.swift */ = {isa = PBXFileReference; fileEncoding = 4; lastKnownFileType = sourcecode.swift; path = UserObject.swift; sourceTree = "<group>"; };
		FE3FE4C11F32226A003E5991 /* NearbyUserCell.swift */ = {isa = PBXFileReference; fileEncoding = 4; lastKnownFileType = sourcecode.swift; path = NearbyUserCell.swift; sourceTree = "<group>"; };
		FE3FE4C61F323D52003E5991 /* WelcomeVC.swift */ = {isa = PBXFileReference; fileEncoding = 4; lastKnownFileType = sourcecode.swift; path = WelcomeVC.swift; sourceTree = "<group>"; };
		FECDD6301F34C1D5009B28E0 /* Define.swift */ = {isa = PBXFileReference; fileEncoding = 4; lastKnownFileType = sourcecode.swift; path = Define.swift; sourceTree = "<group>"; };
		FECDD6341F34C921009B28E0 /* Common.swift */ = {isa = PBXFileReference; fileEncoding = 4; lastKnownFileType = sourcecode.swift; path = Common.swift; sourceTree = "<group>"; };
		FECDD6371F34F30F009B28E0 /* Loader.swift */ = {isa = PBXFileReference; fileEncoding = 4; lastKnownFileType = sourcecode.swift; path = Loader.swift; sourceTree = "<group>"; };
		FEDB00D31F32C91E0095A853 /* Info.plist */ = {isa = PBXFileReference; fileEncoding = 4; lastKnownFileType = text.plist.xml; path = Info.plist; sourceTree = "<group>"; };
		FEDB00D81F32F08E0095A853 /* EclipseViewAnimation.swift */ = {isa = PBXFileReference; fileEncoding = 4; lastKnownFileType = sourcecode.swift; path = EclipseViewAnimation.swift; sourceTree = "<group>"; };
/* End PBXFileReference section */

/* Begin PBXFrameworksBuildPhase section */
		FE3FE44F1F31FAD9003E5991 /* Frameworks */ = {
			isa = PBXFrameworksBuildPhase;
			buildActionMask = 2147483647;
			files = (
				FE3FE4B51F320118003E5991 /* UIKit.framework in Frameworks */,
				FE3FE4B11F3200FA003E5991 /* Hype.framework in Frameworks */,
				A2D7DA9F187EA01A2E1DFD10 /* Pods_Chatting_Sharing.framework in Frameworks */,
			);
			runOnlyForDeploymentPostprocessing = 0;
		};
		FE3FE4661F31FAD9003E5991 /* Frameworks */ = {
			isa = PBXFrameworksBuildPhase;
			buildActionMask = 2147483647;
			files = (
			);
			runOnlyForDeploymentPostprocessing = 0;
		};
		FE3FE4711F31FAD9003E5991 /* Frameworks */ = {
			isa = PBXFrameworksBuildPhase;
			buildActionMask = 2147483647;
			files = (
			);
			runOnlyForDeploymentPostprocessing = 0;
		};
/* End PBXFrameworksBuildPhase section */

/* Begin PBXGroup section */
		36F8A40963CAED8AA8E4FDD2 /* Pods */ = {
			isa = PBXGroup;
			children = (
				D7996981C8832B6F76820AE2 /* Pods-Chatting-Sharing.debug.xcconfig */,
				56DB6C30D3252B7ABE746D61 /* Pods-Chatting-Sharing.release.xcconfig */,
			);
			name = Pods;
			sourceTree = "<group>";
		};
		FE3FE4491F31FAD9003E5991 = {
			isa = PBXGroup;
			children = (
				FE3FE4B01F3200E7003E5991 /* Frameworks */,
				FE3FE4541F31FAD9003E5991 /* Chatting-Sharing */,
				FE3FE46C1F31FAD9003E5991 /* Chatting-SharingTests */,
				FE3FE4771F31FAD9003E5991 /* Chatting-SharingUITests */,
				FE3FE4531F31FAD9003E5991 /* Products */,
				36F8A40963CAED8AA8E4FDD2 /* Pods */,
			);
			sourceTree = "<group>";
		};
		FE3FE4531F31FAD9003E5991 /* Products */ = {
			isa = PBXGroup;
			children = (
				FE3FE4521F31FAD9003E5991 /* Chatting-Sharing.app */,
				FE3FE4691F31FAD9003E5991 /* Chatting-SharingTests.xctest */,
				FE3FE4741F31FAD9003E5991 /* Chatting-SharingUITests.xctest */,
			);
			name = Products;
			sourceTree = "<group>";
		};
		FE3FE4541F31FAD9003E5991 /* Chatting-Sharing */ = {
			isa = PBXGroup;
			children = (
				FE3FE4AD1F3200DB003E5991 /* HypeLabs */,
				FE3FE4991F31FC7B003E5991 /* Classes */,
				FE3FE4A41F31FC7B003E5991 /* Resources */,
				FEDB00D31F32C91E0095A853 /* Info.plist */,
				FE3FE45F1F31FAD9003E5991 /* Assets.xcassets */,
			);
			path = "Chatting-Sharing";
			sourceTree = "<group>";
		};
		FE3FE46C1F31FAD9003E5991 /* Chatting-SharingTests */ = {
			isa = PBXGroup;
			children = (
				FE3FE46D1F31FAD9003E5991 /* Chatting_SharingTests.swift */,
				FE3FE46F1F31FAD9003E5991 /* Info.plist */,
			);
			path = "Chatting-SharingTests";
			sourceTree = "<group>";
		};
		FE3FE4771F31FAD9003E5991 /* Chatting-SharingUITests */ = {
			isa = PBXGroup;
			children = (
				FE3FE4781F31FAD9003E5991 /* Chatting_SharingUITests.swift */,
				FE3FE47A1F31FAD9003E5991 /* Info.plist */,
			);
			path = "Chatting-SharingUITests";
			sourceTree = "<group>";
		};
		FE3FE4991F31FC7B003E5991 /* Classes */ = {
			isa = PBXGroup;
			children = (
				FE3FE49A1F31FC7B003E5991 /* AppDelegate */,
				FE3FE49C1F31FC7B003E5991 /* Controllers */,
				FE3FE49D1F31FC7B003E5991 /* Helpers */,
				FE3FE49E1F31FC7B003E5991 /* Models */,
			);
			path = Classes;
			sourceTree = "<group>";
		};
		FE3FE49A1F31FC7B003E5991 /* AppDelegate */ = {
			isa = PBXGroup;
			children = (
				FE3FE49B1F31FC7B003E5991 /* AppDelegate.swift */,
			);
			path = AppDelegate;
			sourceTree = "<group>";
		};
		FE3FE49C1F31FC7B003E5991 /* Controllers */ = {
			isa = PBXGroup;
			children = (
				FEDB00D71F32F0410095A853 /* CustomUI */,
				FE3FE4C51F323D2E003E5991 /* WelcomeVC */,
				FE3FE4B61F3203BC003E5991 /* ChatApplication */,
				FE3FE4AA1F31FCC7003E5991 /* NearbyUsersVC */,
			);
			path = Controllers;
			sourceTree = "<group>";
		};
		FE3FE49D1F31FC7B003E5991 /* Helpers */ = {
			isa = PBXGroup;
			children = (
				FECDD6361F34F30F009B28E0 /* Libs */,
				FECDD6301F34C1D5009B28E0 /* Define.swift */,
				FECDD6341F34C921009B28E0 /* Common.swift */,
			);
			path = Helpers;
			sourceTree = "<group>";
		};
		FE3FE49E1F31FC7B003E5991 /* Models */ = {
			isa = PBXGroup;
			children = (
				FE3FE49F1F31FC7B003E5991 /* CoreData */,
				FE3FE4A21F31FC7B003E5991 /* Objects */,
			);
			path = Models;
			sourceTree = "<group>";
		};
		FE3FE49F1F31FC7B003E5991 /* CoreData */ = {
			isa = PBXGroup;
			children = (
				FE3FE4A01F31FC7B003E5991 /* Chatting_Sharing.xcdatamodeld */,
			);
			path = CoreData;
			sourceTree = "<group>";
		};
		FE3FE4A21F31FC7B003E5991 /* Objects */ = {
			isa = PBXGroup;
			children = (
				FE3FE4B91F3207F4003E5991 /* MessageItem.swift */,
				FE3FE4BB1F320B8B003E5991 /* UserObject.swift */,
			);
			path = Objects;
			sourceTree = "<group>";
		};
		FE3FE4A41F31FC7B003E5991 /* Resources */ = {
			isa = PBXGroup;
			children = (
				FE3FE4A51F31FC7B003E5991 /* Icons */,
				FE3FE4A61F31FC7B003E5991 /* Images */,
			);
			path = Resources;
			sourceTree = "<group>";
		};
		FE3FE4A51F31FC7B003E5991 /* Icons */ = {
			isa = PBXGroup;
			children = (
			);
			path = Icons;
			sourceTree = "<group>";
		};
		FE3FE4A61F31FC7B003E5991 /* Images */ = {
			isa = PBXGroup;
			children = (
			);
			path = Images;
			sourceTree = "<group>";
		};
		FE3FE4AA1F31FCC7003E5991 /* NearbyUsersVC */ = {
			isa = PBXGroup;
			children = (
				FE3FE4BE1F32186F003E5991 /* NearbyUserCell */,
				FE3FE4AB1F31FD54003E5991 /* NearbyUsersVC.swift */,
			);
			name = NearbyUsersVC;
			sourceTree = "<group>";
		};
		FE3FE4AD1F3200DB003E5991 /* HypeLabs */ = {
			isa = PBXGroup;
			children = (
				FE3FE4AE1F3200DB003E5991 /* Hype.framework */,
			);
			path = HypeLabs;
			sourceTree = "<group>";
		};
		FE3FE4B01F3200E7003E5991 /* Frameworks */ = {
			isa = PBXGroup;
			children = (
				FE3FE4B41F320118003E5991 /* UIKit.framework */,
				8BC52F2AB21B6478D61E8E37 /* Pods_Chatting_Sharing.framework */,
			);
			name = Frameworks;
			sourceTree = "<group>";
		};
		FE3FE4B61F3203BC003E5991 /* ChatApplication */ = {
			isa = PBXGroup;
			children = (
				FE3FE4B71F320494003E5991 /* ChatApplication.swift */,
			);
			name = ChatApplication;
			sourceTree = "<group>";
		};
		FE3FE4BE1F32186F003E5991 /* NearbyUserCell */ = {
			isa = PBXGroup;
			children = (
				FE3FE4C11F32226A003E5991 /* NearbyUserCell.swift */,
			);
			name = NearbyUserCell;
			sourceTree = "<group>";
		};
		FE3FE4C51F323D2E003E5991 /* WelcomeVC */ = {
			isa = PBXGroup;
			children = (
				FE3FE4C61F323D52003E5991 /* WelcomeVC.swift */,
			);
			name = WelcomeVC;
			sourceTree = "<group>";
		};
		FECDD6361F34F30F009B28E0 /* Libs */ = {
			isa = PBXGroup;
			children = (
				FECDD6371F34F30F009B28E0 /* Loader.swift */,
			);
			path = Libs;
			sourceTree = "<group>";
		};
		FEDB00D71F32F0410095A853 /* CustomUI */ = {
			isa = PBXGroup;
			children = (
				FEDB00D81F32F08E0095A853 /* EclipseViewAnimation.swift */,
			);
			path = CustomUI;
			sourceTree = "<group>";
		};
/* End PBXGroup section */

/* Begin PBXNativeTarget section */
		FE3FE4511F31FAD9003E5991 /* Chatting-Sharing */ = {
			isa = PBXNativeTarget;
			buildConfigurationList = FE3FE47D1F31FAD9003E5991 /* Build configuration list for PBXNativeTarget "Chatting-Sharing" */;
			buildPhases = (
				741481171F998511D751D3A4 /* [CP] Check Pods Manifest.lock */,
				FE3FE44E1F31FAD9003E5991 /* Sources */,
				FE3FE44F1F31FAD9003E5991 /* Frameworks */,
				FE3FE4501F31FAD9003E5991 /* Resources */,
				FE3FE4B31F3200FA003E5991 /* Embed Frameworks */,
				2F73AC04114F171B1B3711E9 /* [CP] Embed Pods Frameworks */,
				ABC45E15DDDF22D6E425EF81 /* [CP] Copy Pods Resources */,
			);
			buildRules = (
			);
			dependencies = (
			);
			name = "Chatting-Sharing";
			productName = "Chatting-Sharing";
			productReference = FE3FE4521F31FAD9003E5991 /* Chatting-Sharing.app */;
			productType = "com.apple.product-type.application";
		};
		FE3FE4681F31FAD9003E5991 /* Chatting-SharingTests */ = {
			isa = PBXNativeTarget;
			buildConfigurationList = FE3FE4801F31FAD9003E5991 /* Build configuration list for PBXNativeTarget "Chatting-SharingTests" */;
			buildPhases = (
				FE3FE4651F31FAD9003E5991 /* Sources */,
				FE3FE4661F31FAD9003E5991 /* Frameworks */,
				FE3FE4671F31FAD9003E5991 /* Resources */,
			);
			buildRules = (
			);
			dependencies = (
				FE3FE46B1F31FAD9003E5991 /* PBXTargetDependency */,
			);
			name = "Chatting-SharingTests";
			productName = "Chatting-SharingTests";
			productReference = FE3FE4691F31FAD9003E5991 /* Chatting-SharingTests.xctest */;
			productType = "com.apple.product-type.bundle.unit-test";
		};
		FE3FE4731F31FAD9003E5991 /* Chatting-SharingUITests */ = {
			isa = PBXNativeTarget;
			buildConfigurationList = FE3FE4831F31FAD9003E5991 /* Build configuration list for PBXNativeTarget "Chatting-SharingUITests" */;
			buildPhases = (
				FE3FE4701F31FAD9003E5991 /* Sources */,
				FE3FE4711F31FAD9003E5991 /* Frameworks */,
				FE3FE4721F31FAD9003E5991 /* Resources */,
			);
			buildRules = (
			);
			dependencies = (
				FE3FE4761F31FAD9003E5991 /* PBXTargetDependency */,
			);
			name = "Chatting-SharingUITests";
			productName = "Chatting-SharingUITests";
			productReference = FE3FE4741F31FAD9003E5991 /* Chatting-SharingUITests.xctest */;
			productType = "com.apple.product-type.bundle.ui-testing";
		};
/* End PBXNativeTarget section */

/* Begin PBXProject section */
		FE3FE44A1F31FAD9003E5991 /* Project object */ = {
			isa = PBXProject;
			attributes = {
				LastSwiftUpdateCheck = 0830;
				LastUpgradeCheck = 0830;
				ORGANIZATIONNAME = Viet;
				TargetAttributes = {
					FE3FE4511F31FAD9003E5991 = {
						CreatedOnToolsVersion = 8.3.3;
						DevelopmentTeam = 9N7TV9TN7J;
						ProvisioningStyle = Automatic;
					};
					FE3FE4681F31FAD9003E5991 = {
						CreatedOnToolsVersion = 8.3.3;
						DevelopmentTeam = 9N7TV9TN7J;
						ProvisioningStyle = Automatic;
						TestTargetID = FE3FE4511F31FAD9003E5991;
					};
					FE3FE4731F31FAD9003E5991 = {
						CreatedOnToolsVersion = 8.3.3;
						DevelopmentTeam = 9N7TV9TN7J;
						ProvisioningStyle = Automatic;
						TestTargetID = FE3FE4511F31FAD9003E5991;
					};
				};
			};
			buildConfigurationList = FE3FE44D1F31FAD9003E5991 /* Build configuration list for PBXProject "Chatting-Sharing" */;
			compatibilityVersion = "Xcode 3.2";
			developmentRegion = English;
			hasScannedForEncodings = 0;
			knownRegions = (
				en,
				Base,
			);
			mainGroup = FE3FE4491F31FAD9003E5991;
			productRefGroup = FE3FE4531F31FAD9003E5991 /* Products */;
			projectDirPath = "";
			projectRoot = "";
			targets = (
				FE3FE4511F31FAD9003E5991 /* Chatting-Sharing */,
				FE3FE4681F31FAD9003E5991 /* Chatting-SharingTests */,
				FE3FE4731F31FAD9003E5991 /* Chatting-SharingUITests */,
			);
		};
/* End PBXProject section */

/* Begin PBXResourcesBuildPhase section */
		FE3FE4501F31FAD9003E5991 /* Resources */ = {
			isa = PBXResourcesBuildPhase;
			buildActionMask = 2147483647;
			files = (
			);
			runOnlyForDeploymentPostprocessing = 0;
		};
		FE3FE4671F31FAD9003E5991 /* Resources */ = {
			isa = PBXResourcesBuildPhase;
			buildActionMask = 2147483647;
			files = (
			);
			runOnlyForDeploymentPostprocessing = 0;
		};
		FE3FE4721F31FAD9003E5991 /* Resources */ = {
			isa = PBXResourcesBuildPhase;
			buildActionMask = 2147483647;
			files = (
			);
			runOnlyForDeploymentPostprocessing = 0;
		};
/* End PBXResourcesBuildPhase section */

/* Begin PBXShellScriptBuildPhase section */
		2F73AC04114F171B1B3711E9 /* [CP] Embed Pods Frameworks */ = {
			isa = PBXShellScriptBuildPhase;
			buildActionMask = 2147483647;
			files = (
			);
			inputPaths = (
				"${SRCROOT}/Pods/Target Support Files/Pods-Chatting-Sharing/Pods-Chatting-Sharing-frameworks.sh",
				"${BUILT_PRODUCTS_DIR}/AvatarImageView/AvatarImageView.framework",
				"${BUILT_PRODUCTS_DIR}/Skeleton/Skeleton.framework",
				"${BUILT_PRODUCTS_DIR}/SnapKit/SnapKit.framework",
			);
			name = "[CP] Embed Pods Frameworks";
			outputPaths = (
				"${TARGET_BUILD_DIR}/${FRAMEWORKS_FOLDER_PATH}/AvatarImageView.framework",
				"${TARGET_BUILD_DIR}/${FRAMEWORKS_FOLDER_PATH}/Skeleton.framework",
				"${TARGET_BUILD_DIR}/${FRAMEWORKS_FOLDER_PATH}/SnapKit.framework",
			);
			runOnlyForDeploymentPostprocessing = 0;
			shellPath = /bin/sh;
			shellScript = "\"${SRCROOT}/Pods/Target Support Files/Pods-Chatting-Sharing/Pods-Chatting-Sharing-frameworks.sh\"\n";
			showEnvVarsInLog = 0;
		};
		741481171F998511D751D3A4 /* [CP] Check Pods Manifest.lock */ = {
			isa = PBXShellScriptBuildPhase;
			buildActionMask = 2147483647;
			files = (
			);
			inputPaths = (
				"${PODS_PODFILE_DIR_PATH}/Podfile.lock",
				"${PODS_ROOT}/Manifest.lock",
			);
			name = "[CP] Check Pods Manifest.lock";
			outputPaths = (
				"$(DERIVED_FILE_DIR)/Pods-Chatting-Sharing-checkManifestLockResult.txt",
			);
			runOnlyForDeploymentPostprocessing = 0;
			shellPath = /bin/sh;
			shellScript = "diff \"${PODS_PODFILE_DIR_PATH}/Podfile.lock\" \"${PODS_ROOT}/Manifest.lock\" > /dev/null\nif [ $? != 0 ] ; then\n    # print error to STDERR\n    echo \"error: The sandbox is not in sync with the Podfile.lock. Run 'pod install' or update your CocoaPods installation.\" >&2\n    exit 1\nfi\n# This output is used by Xcode 'outputs' to avoid re-running this script phase.\necho \"SUCCESS\" > \"${SCRIPT_OUTPUT_FILE_0}\"\n";
			showEnvVarsInLog = 0;
		};
		ABC45E15DDDF22D6E425EF81 /* [CP] Copy Pods Resources */ = {
			isa = PBXShellScriptBuildPhase;
			buildActionMask = 2147483647;
			files = (
			);
			inputPaths = (
			);
			name = "[CP] Copy Pods Resources";
			outputPaths = (
			);
			runOnlyForDeploymentPostprocessing = 0;
			shellPath = /bin/sh;
			shellScript = "\"${SRCROOT}/Pods/Target Support Files/Pods-Chatting-Sharing/Pods-Chatting-Sharing-resources.sh\"\n";
			showEnvVarsInLog = 0;
		};
/* End PBXShellScriptBuildPhase section */

/* Begin PBXSourcesBuildPhase section */
		FE3FE44E1F31FAD9003E5991 /* Sources */ = {
			isa = PBXSourcesBuildPhase;
			buildActionMask = 2147483647;
			files = (
				FE3FE4B81F320494003E5991 /* ChatApplication.swift in Sources */,
				FE3FE4C31F32226A003E5991 /* NearbyUserCell.swift in Sources */,
				FECDD6381F34F30F009B28E0 /* Loader.swift in Sources */,
				FE3FE4BA1F3207F4003E5991 /* MessageItem.swift in Sources */,
				FEDB00D91F32F08E0095A853 /* EclipseViewAnimation.swift in Sources */,
				FECDD6351F34C921009B28E0 /* Common.swift in Sources */,
				FE3FE4A81F31FC7B003E5991 /* Chatting_Sharing.xcdatamodeld in Sources */,
				FE3FE4AC1F31FD54003E5991 /* NearbyUsersVC.swift in Sources */,
				FE3FE4A71F31FC7B003E5991 /* AppDelegate.swift in Sources */,
				FE3FE4BC1F320B8B003E5991 /* UserObject.swift in Sources */,
				FECDD6311F34C1D5009B28E0 /* Define.swift in Sources */,
				FE3FE4C71F323D52003E5991 /* WelcomeVC.swift in Sources */,
			);
			runOnlyForDeploymentPostprocessing = 0;
		};
		FE3FE4651F31FAD9003E5991 /* Sources */ = {
			isa = PBXSourcesBuildPhase;
			buildActionMask = 2147483647;
			files = (
				FE3FE46E1F31FAD9003E5991 /* Chatting_SharingTests.swift in Sources */,
			);
			runOnlyForDeploymentPostprocessing = 0;
		};
		FE3FE4701F31FAD9003E5991 /* Sources */ = {
			isa = PBXSourcesBuildPhase;
			buildActionMask = 2147483647;
			files = (
				FE3FE4791F31FAD9003E5991 /* Chatting_SharingUITests.swift in Sources */,
			);
			runOnlyForDeploymentPostprocessing = 0;
		};
/* End PBXSourcesBuildPhase section */

/* Begin PBXTargetDependency section */
		FE3FE46B1F31FAD9003E5991 /* PBXTargetDependency */ = {
			isa = PBXTargetDependency;
			target = FE3FE4511F31FAD9003E5991 /* Chatting-Sharing */;
			targetProxy = FE3FE46A1F31FAD9003E5991 /* PBXContainerItemProxy */;
		};
		FE3FE4761F31FAD9003E5991 /* PBXTargetDependency */ = {
			isa = PBXTargetDependency;
			target = FE3FE4511F31FAD9003E5991 /* Chatting-Sharing */;
			targetProxy = FE3FE4751F31FAD9003E5991 /* PBXContainerItemProxy */;
		};
/* End PBXTargetDependency section */

/* Begin XCBuildConfiguration section */
		FE3FE47B1F31FAD9003E5991 /* Debug */ = {
			isa = XCBuildConfiguration;
			buildSettings = {
				ALWAYS_SEARCH_USER_PATHS = NO;
				CLANG_ANALYZER_NONNULL = YES;
				CLANG_ANALYZER_NUMBER_OBJECT_CONVERSION = YES_AGGRESSIVE;
				CLANG_CXX_LANGUAGE_STANDARD = "gnu++0x";
				CLANG_CXX_LIBRARY = "libc++";
				CLANG_ENABLE_MODULES = YES;
				CLANG_ENABLE_OBJC_ARC = YES;
				CLANG_WARN_BOOL_CONVERSION = YES;
				CLANG_WARN_CONSTANT_CONVERSION = YES;
				CLANG_WARN_DIRECT_OBJC_ISA_USAGE = YES_ERROR;
				CLANG_WARN_DOCUMENTATION_COMMENTS = YES;
				CLANG_WARN_EMPTY_BODY = YES;
				CLANG_WARN_ENUM_CONVERSION = YES;
				CLANG_WARN_INFINITE_RECURSION = YES;
				CLANG_WARN_INT_CONVERSION = YES;
				CLANG_WARN_OBJC_ROOT_CLASS = YES_ERROR;
				CLANG_WARN_SUSPICIOUS_MOVE = YES;
				CLANG_WARN_UNREACHABLE_CODE = YES;
				CLANG_WARN__DUPLICATE_METHOD_MATCH = YES;
				"CODE_SIGN_IDENTITY[sdk=iphoneos*]" = "iPhone Developer";
				COPY_PHASE_STRIP = NO;
				DEBUG_INFORMATION_FORMAT = dwarf;
				ENABLE_STRICT_OBJC_MSGSEND = YES;
				ENABLE_TESTABILITY = YES;
				GCC_C_LANGUAGE_STANDARD = gnu99;
				GCC_DYNAMIC_NO_PIC = NO;
				GCC_NO_COMMON_BLOCKS = YES;
				GCC_OPTIMIZATION_LEVEL = 0;
				GCC_PREPROCESSOR_DEFINITIONS = (
					"DEBUG=1",
					"$(inherited)",
				);
				GCC_WARN_64_TO_32_BIT_CONVERSION = YES;
				GCC_WARN_ABOUT_RETURN_TYPE = YES_ERROR;
				GCC_WARN_UNDECLARED_SELECTOR = YES;
				GCC_WARN_UNINITIALIZED_AUTOS = YES_AGGRESSIVE;
				GCC_WARN_UNUSED_FUNCTION = YES;
				GCC_WARN_UNUSED_VARIABLE = YES;
				IPHONEOS_DEPLOYMENT_TARGET = 10.3;
				MTL_ENABLE_DEBUG_INFO = YES;
				ONLY_ACTIVE_ARCH = YES;
				SDKROOT = iphoneos;
				SWIFT_ACTIVE_COMPILATION_CONDITIONS = DEBUG;
				SWIFT_OPTIMIZATION_LEVEL = "-Onone";
				TARGETED_DEVICE_FAMILY = "1,2";
			};
			name = Debug;
		};
		FE3FE47C1F31FAD9003E5991 /* Release */ = {
			isa = XCBuildConfiguration;
			buildSettings = {
				ALWAYS_SEARCH_USER_PATHS = NO;
				CLANG_ANALYZER_NONNULL = YES;
				CLANG_ANALYZER_NUMBER_OBJECT_CONVERSION = YES_AGGRESSIVE;
				CLANG_CXX_LANGUAGE_STANDARD = "gnu++0x";
				CLANG_CXX_LIBRARY = "libc++";
				CLANG_ENABLE_MODULES = YES;
				CLANG_ENABLE_OBJC_ARC = YES;
				CLANG_WARN_BOOL_CONVERSION = YES;
				CLANG_WARN_CONSTANT_CONVERSION = YES;
				CLANG_WARN_DIRECT_OBJC_ISA_USAGE = YES_ERROR;
				CLANG_WARN_DOCUMENTATION_COMMENTS = YES;
				CLANG_WARN_EMPTY_BODY = YES;
				CLANG_WARN_ENUM_CONVERSION = YES;
				CLANG_WARN_INFINITE_RECURSION = YES;
				CLANG_WARN_INT_CONVERSION = YES;
				CLANG_WARN_OBJC_ROOT_CLASS = YES_ERROR;
				CLANG_WARN_SUSPICIOUS_MOVE = YES;
				CLANG_WARN_UNREACHABLE_CODE = YES;
				CLANG_WARN__DUPLICATE_METHOD_MATCH = YES;
				"CODE_SIGN_IDENTITY[sdk=iphoneos*]" = "iPhone Developer";
				COPY_PHASE_STRIP = NO;
				DEBUG_INFORMATION_FORMAT = "dwarf-with-dsym";
				ENABLE_NS_ASSERTIONS = NO;
				ENABLE_STRICT_OBJC_MSGSEND = YES;
				GCC_C_LANGUAGE_STANDARD = gnu99;
				GCC_NO_COMMON_BLOCKS = YES;
				GCC_WARN_64_TO_32_BIT_CONVERSION = YES;
				GCC_WARN_ABOUT_RETURN_TYPE = YES_ERROR;
				GCC_WARN_UNDECLARED_SELECTOR = YES;
				GCC_WARN_UNINITIALIZED_AUTOS = YES_AGGRESSIVE;
				GCC_WARN_UNUSED_FUNCTION = YES;
				GCC_WARN_UNUSED_VARIABLE = YES;
				IPHONEOS_DEPLOYMENT_TARGET = 10.3;
				MTL_ENABLE_DEBUG_INFO = NO;
				SDKROOT = iphoneos;
				SWIFT_OPTIMIZATION_LEVEL = "-Owholemodule";
				TARGETED_DEVICE_FAMILY = "1,2";
				VALIDATE_PRODUCT = YES;
			};
			name = Release;
		};
		FE3FE47E1F31FAD9003E5991 /* Debug */ = {
			isa = XCBuildConfiguration;
			baseConfigurationReference = D7996981C8832B6F76820AE2 /* Pods-Chatting-Sharing.debug.xcconfig */;
			buildSettings = {
				ASSETCATALOG_COMPILER_APPICON_NAME = AppIcon;
				DEVELOPMENT_TEAM = 9N7TV9TN7J;
				FRAMEWORK_SEARCH_PATHS = (
					"$(inherited)",
					"$(PROJECT_DIR)/Chatting-Sharing/HypeLabs",
				);
				INFOPLIST_FILE = "Chatting-Sharing/Info.plist";
				LD_RUNPATH_SEARCH_PATHS = "$(inherited) @executable_path/Frameworks";
				PRODUCT_BUNDLE_IDENTIFIER = "com.nav.chatting-sharing";
				PRODUCT_NAME = "$(TARGET_NAME)";
				SWIFT_OBJC_BRIDGING_HEADER = "";
				SWIFT_VERSION = 3.0;
			};
			name = Debug;
		};
		FE3FE47F1F31FAD9003E5991 /* Release */ = {
			isa = XCBuildConfiguration;
			baseConfigurationReference = 56DB6C30D3252B7ABE746D61 /* Pods-Chatting-Sharing.release.xcconfig */;
			buildSettings = {
				ASSETCATALOG_COMPILER_APPICON_NAME = AppIcon;
				DEVELOPMENT_TEAM = 9N7TV9TN7J;
				FRAMEWORK_SEARCH_PATHS = (
					"$(inherited)",
					"$(PROJECT_DIR)/Chatting-Sharing/HypeLabs",
				);
				INFOPLIST_FILE = "Chatting-Sharing/Info.plist";
				LD_RUNPATH_SEARCH_PATHS = "$(inherited) @executable_path/Frameworks";
				PRODUCT_BUNDLE_IDENTIFIER = "com.nav.chatting-sharing";
				PRODUCT_NAME = "$(TARGET_NAME)";
				SWIFT_OBJC_BRIDGING_HEADER = "";
				SWIFT_VERSION = 3.0;
			};
			name = Release;
		};
		FE3FE4811F31FAD9003E5991 /* Debug */ = {
			isa = XCBuildConfiguration;
			buildSettings = {
				ALWAYS_EMBED_SWIFT_STANDARD_LIBRARIES = YES;
				BUNDLE_LOADER = "$(TEST_HOST)";
				DEVELOPMENT_TEAM = 9N7TV9TN7J;
				INFOPLIST_FILE = "Chatting-SharingTests/Info.plist";
				LD_RUNPATH_SEARCH_PATHS = "$(inherited) @executable_path/Frameworks @loader_path/Frameworks";
				PRODUCT_BUNDLE_IDENTIFIER = "com.nav.chatting-sharing.Chatting-SharingTests";
				PRODUCT_NAME = "$(TARGET_NAME)";
				SWIFT_VERSION = 3.0;
				TEST_HOST = "$(BUILT_PRODUCTS_DIR)/Chatting-Sharing.app/Chatting-Sharing";
			};
			name = Debug;
		};
		FE3FE4821F31FAD9003E5991 /* Release */ = {
			isa = XCBuildConfiguration;
			buildSettings = {
				ALWAYS_EMBED_SWIFT_STANDARD_LIBRARIES = YES;
				BUNDLE_LOADER = "$(TEST_HOST)";
				DEVELOPMENT_TEAM = 9N7TV9TN7J;
				INFOPLIST_FILE = "Chatting-SharingTests/Info.plist";
				LD_RUNPATH_SEARCH_PATHS = "$(inherited) @executable_path/Frameworks @loader_path/Frameworks";
				PRODUCT_BUNDLE_IDENTIFIER = "com.nav.chatting-sharing.Chatting-SharingTests";
				PRODUCT_NAME = "$(TARGET_NAME)";
				SWIFT_VERSION = 3.0;
				TEST_HOST = "$(BUILT_PRODUCTS_DIR)/Chatting-Sharing.app/Chatting-Sharing";
			};
			name = Release;
		};
		FE3FE4841F31FAD9003E5991 /* Debug */ = {
			isa = XCBuildConfiguration;
			buildSettings = {
				ALWAYS_EMBED_SWIFT_STANDARD_LIBRARIES = YES;
				DEVELOPMENT_TEAM = 9N7TV9TN7J;
				INFOPLIST_FILE = "Chatting-SharingUITests/Info.plist";
				LD_RUNPATH_SEARCH_PATHS = "$(inherited) @executable_path/Frameworks @loader_path/Frameworks";
				PRODUCT_BUNDLE_IDENTIFIER = "com.nav.chatting-sharing.Chatting-SharingUITests";
				PRODUCT_NAME = "$(TARGET_NAME)";
				SWIFT_VERSION = 3.0;
				TEST_TARGET_NAME = "Chatting-Sharing";
			};
			name = Debug;
		};
		FE3FE4851F31FAD9003E5991 /* Release */ = {
			isa = XCBuildConfiguration;
			buildSettings = {
				ALWAYS_EMBED_SWIFT_STANDARD_LIBRARIES = YES;
				DEVELOPMENT_TEAM = 9N7TV9TN7J;
				INFOPLIST_FILE = "Chatting-SharingUITests/Info.plist";
				LD_RUNPATH_SEARCH_PATHS = "$(inherited) @executable_path/Frameworks @loader_path/Frameworks";
				PRODUCT_BUNDLE_IDENTIFIER = "com.nav.chatting-sharing.Chatting-SharingUITests";
				PRODUCT_NAME = "$(TARGET_NAME)";
				SWIFT_VERSION = 3.0;
				TEST_TARGET_NAME = "Chatting-Sharing";
			};
			name = Release;
		};
/* End XCBuildConfiguration section */

/* Begin XCConfigurationList section */
		FE3FE44D1F31FAD9003E5991 /* Build configuration list for PBXProject "Chatting-Sharing" */ = {
			isa = XCConfigurationList;
			buildConfigurations = (
				FE3FE47B1F31FAD9003E5991 /* Debug */,
				FE3FE47C1F31FAD9003E5991 /* Release */,
			);
			defaultConfigurationIsVisible = 0;
			defaultConfigurationName = Release;
		};
		FE3FE47D1F31FAD9003E5991 /* Build configuration list for PBXNativeTarget "Chatting-Sharing" */ = {
			isa = XCConfigurationList;
			buildConfigurations = (
				FE3FE47E1F31FAD9003E5991 /* Debug */,
				FE3FE47F1F31FAD9003E5991 /* Release */,
			);
			defaultConfigurationIsVisible = 0;
			defaultConfigurationName = Release;
		};
		FE3FE4801F31FAD9003E5991 /* Build configuration list for PBXNativeTarget "Chatting-SharingTests" */ = {
			isa = XCConfigurationList;
			buildConfigurations = (
				FE3FE4811F31FAD9003E5991 /* Debug */,
				FE3FE4821F31FAD9003E5991 /* Release */,
			);
			defaultConfigurationIsVisible = 0;
			defaultConfigurationName = Release;
		};
		FE3FE4831F31FAD9003E5991 /* Build configuration list for PBXNativeTarget "Chatting-SharingUITests" */ = {
			isa = XCConfigurationList;
			buildConfigurations = (
				FE3FE4841F31FAD9003E5991 /* Debug */,
				FE3FE4851F31FAD9003E5991 /* Release */,
			);
			defaultConfigurationIsVisible = 0;
			defaultConfigurationName = Release;
		};
/* End XCConfigurationList section */

/* Begin XCVersionGroup section */
		FE3FE4A01F31FC7B003E5991 /* Chatting_Sharing.xcdatamodeld */ = {
			isa = XCVersionGroup;
			children = (
				FE3FE4A11F31FC7B003E5991 /* Chatting_Sharing.xcdatamodel */,
			);
			currentVersion = FE3FE4A11F31FC7B003E5991 /* Chatting_Sharing.xcdatamodel */;
			path = Chatting_Sharing.xcdatamodeld;
			sourceTree = "<group>";
			versionGroupType = wrapper.xcdatamodel;
		};
/* End XCVersionGroup section */
	};
	rootObject = FE3FE44A1F31FAD9003E5991 /* Project object */;
}
